# THIS IS AN AUTOGENERATED FILE. DO NOT EDIT THIS FILE DIRECTLY.
# yarn lockfile v1


http@^0.0.1-security:
  version "0.0.1-security"
  resolved "https://registry.npm.taobao.org/http/download/http-0.0.1-security.tgz#3aac09129d12dc2747bbce4157afde20ad1f7995"
  integrity sha1-OqwJEp0S3CdHu85BV6/eIK0feZU=
